{
  "lockfileVersion": 1,
  "configVersion": 1,
  "workspaces": {
    "": {
      "name": "ix-runners",
      "dependencies": {
        "@indexable/sdk": "0.7.2",
      },
      "devDependencies": {
        "@types/bun": "^1.2.0",
        "typescript": "^5.6.0",
      },
    },
  },
  "packages": {
    "@indexable/sdk": ["@indexable/sdk@0.7.2", "", { "optionalDependencies": { "@indexable/sdk-node-darwin-arm64": "0.7.2", "@indexable/sdk-node-linux-x64": "0.7.2" }, "peerDependencies": { "zod": "^4" }, "optionalPeers": ["zod"] }, "sha512-IkE8uRf0GTaOoEioMXdudmPjUkPDjY2mu1PF8SoWHL4dcD788rWqSngFfrCXqd7dwAYz9m4DkakkQyupEwFG7A=="],

    "@indexable/sdk-node-darwin-arm64": ["@indexable/sdk-node-darwin-arm64@0.7.2", "", { "os": "darwin", "cpu": "arm64" }, "sha512-Hl3AQXUMkYlpqBDdAQNNcfgvumwMfHWk8tQDbg0mXA0gQ9eH5M21Yx8oBOxwfznNiKJ4mymh8EMrrbsipeQkiQ=="],

    "@indexable/sdk-node-linux-x64": ["@indexable/sdk-node-linux-x64@0.7.2", "", { "os": "linux", "cpu": "x64" }, "sha512-A3XUTc20tNeHu3/paoxr2cjsGeiaoTcI1hjXew2HHAKmxZAdWVYX5WG+jvsmqemia5zTPJ1WwrKcpHpZoAE+3Q=="],

    "@types/bun": ["@types/bun@1.3.14", "", { "dependencies": { "bun-types": "1.3.14" } }, "sha512-h1hFqFVcvAvD9j9K7ZW7vd82aSA+rTdznZa+5bwvCwqSB1jmmfLcbIWhOLx1/+boy/xmjgCs/OMUL8hRJSmnPw=="],

    "@types/node": ["@types/node@26.2.0", "", { "dependencies": { "undici-types": "~8.3.0" } }, "sha512-5IviulTZeRNp2vAJ514cc/HUlY5nZ9fCbq9DMyC52BrhFZACo3nI0R7qBxhQmo/d27NFe96ur/b7Wwxklda+kg=="],

    "bun-types": ["bun-types@1.3.14", "", { "dependencies": { "@types/node": "*" } }, "sha512-4N0ig0fEomHt5R0KCFWjovxow98rIoRwKolrYdCcknNwMekCXRnWEUvgu5soYV8QXtVsrUD8B95MBOZGPvr6KQ=="],

    "typescript": ["typescript@5.9.3", "", { "bin": { "tsc": "bin/tsc", "tsserver": "bin/tsserver" } }, "sha512-jl1vZzPDinLr9eUt3J/t7V6FgNEw9QjvBPdysz9KfQDD41fQrC2Y4vKQdiaUpFT4bXlb1RHhLpp8wtm6M5TgSw=="],

    "undici-types": ["undici-types@8.3.0", "", {}, "sha512-j375ScV60dom+YkPFIfTLcOiPxkN/buHz5GobjLhixFuANaNs3C9l4GmrWqejgXWJ7BbJcFYpTEUkS1Ge8bpZQ=="],
  }
}
