{
  "nodes": {
    "ix-runners": {
      "locked": {
        "lastModified": 1787700896,
        "narHash": "sha256-wPV99unYN7YsZSenULoOHgBVm1sxw6XbQ5xRUXGdl7s=",
        "owner": "indexable-inc",
        "repo": "ix-runners",
        "rev": "12bcae3bbcc7f53837ee3ef6db9853632a291398",
        "type": "github"
      },
      "original": {
        "owner": "indexable-inc",
        "repo": "ix-runners",
        "rev": "12bcae3bbcc7f53837ee3ef6db9853632a291398",
        "type": "github"
      }
    },
    "nixpkgs": {
      "locked": {
        "lastModified": 1787070829,
        "narHash": "sha256-vXNVDVtvfiQuXthP0NHPFdNvvMTkGpx0UP8oddIWbNk=",
        "owner": "NixOS",
        "repo": "nixpkgs",
        "rev": "0ae2bc1419c3f345984c2629e72e7a631820fa4d",
        "type": "github"
      },
      "original": {
        "owner": "NixOS",
        "ref": "nixos-unstable",
        "repo": "nixpkgs",
        "type": "github"
      }
    },
    "root": {
      "inputs": {
        "ix-runners": "ix-runners",
        "nixpkgs": "nixpkgs"
      }
    }
  },
  "root": "root",
  "version": 7
}
