version = 1
revision = 3
requires-python = ">=3.13"

[manifest]
requirements = [{ name = "ix-sdk", specifier = "==0.7.2" }]

[[package]]
name = "ix-sdk"
version = "0.7.2"
source = { registry = "https://pypi.org/simple" }
wheels = [
    { url = "https://files.pythonhosted.org/packages/f4/2d/660f25de784412409ddc55656e3dd815ab76c3ea558a1391609088d7f395/ix_sdk-0.7.2-cp313-abi3-manylinux_2_34_x86_64.whl", hash = "sha256:377b6e31cbc490faf888f9e3b84fbbe52f9af60d011fb6b3627e237b806010ec", size = 3858565, upload-time = "2026-08-16T02:33:01.645Z" },
]
